
Microsoft Visual Studio Solution File, Format Version 12.00
# Visual Studio 15
VisualStudioVersion = 15.0.26430.15
MinimumVisualStudioVersion = 10.0.40219.1
Project("{8BC9CEB8-8B4A-11D0-8D11-00A0C91BC942}") = "Client", "Client\Client.vcxproj", "{1421B7B5-C10C-4B14-86E8-9CC26970FD20}"
EndProject
Project("{8BC9CEB8-8B4A-11D0-8D11-00A0C91BC942}") = "IOCPServer", "IOCPServer\IOCPServer.vcxproj", "{B0F1BD8E-902E-47B5-8B65-95FF32360F3A}"
EndProject
Project("{8BC9CEB8-8B4A-11D0-8D11-00A0C91BC942}") = "CompletionRoutineServer", "CompletionRoutineServer\CompletionRoutineServer.vcxproj", "{DDAB6054-EA82-4AEA-895B-A1FA97960028}"
EndProject
Project("{8BC9CEB8-8B4A-11D0-8D11-00A0C91BC942}") = "SelectServer", "SelectServer\SelectServer.vcxproj", "{68A062DA-45B2-467B-82FB-20A20506BC49}"
EndProject
Project("{8BC9CEB8-8B4A-11D0-8D11-00A0C91BC942}") = "Test", "Test\Test.vcxproj", "{8A185256-9128-447D-B17C-595EBB17D026}"
EndProject
Project("{8BC9CEB8-8B4A-11D0-8D11-00A0C91BC942}") = "LoginServer", "LoginServer\LoginServer.vcxproj", "{01584BBF-B746-46F8-9471-CCC1C87BE5ED}"
EndProject
Project("{8BC9CEB8-8B4A-11D0-8D11-00A0C91BC942}") = "HeartBeatServer", "HeartBeatServer\HeartBeatServer.vcxproj", "{47049C1C-9B92-4D6F-8AE4-8F57E7EFEEE8}"
EndProject
Project("{8BC9CEB8-8B4A-11D0-8D11-00A0C91BC942}") = "HeartBeatClient", "HeartBeatClient\HeartBeatClient.vcxproj", "{42CA6011-D6FB-4C6C-A9D8-92B8036EBE54}"
EndProject
Project("{8BC9CEB8-8B4A-11D0-8D11-00A0C91BC942}") = "Gateway", "Gateway\Gateway.vcxproj", "{5D78A4A5-109F-4605-B1DC-CC1FC168EE50}"
EndProject
Global
	GlobalSection(SolutionConfigurationPlatforms) = preSolution
		Debug|x64 = Debug|x64
		Debug|x86 = Debug|x86
		Release|x64 = Release|x64
		Release|x86 = Release|x86
	EndGlobalSection
	GlobalSection(ProjectConfigurationPlatforms) = postSolution
		{1421B7B5-C10C-4B14-86E8-9CC26970FD20}.Debug|x64.ActiveCfg = Debug|x64
		{1421B7B5-C10C-4B14-86E8-9CC26970FD20}.Debug|x64.Build.0 = Debug|x64
		{1421B7B5-C10C-4B14-86E8-9CC26970FD20}.Debug|x86.ActiveCfg = Debug|Win32
		{1421B7B5-C10C-4B14-86E8-9CC26970FD20}.Debug|x86.Build.0 = Debug|Win32
		{1421B7B5-C10C-4B14-86E8-9CC26970FD20}.Release|x64.ActiveCfg = Release|x64
		{1421B7B5-C10C-4B14-86E8-9CC26970FD20}.Release|x64.Build.0 = Release|x64
		{1421B7B5-C10C-4B14-86E8-9CC26970FD20}.Release|x86.ActiveCfg = Release|Win32
		{1421B7B5-C10C-4B14-86E8-9CC26970FD20}.Release|x86.Build.0 = Release|Win32
		{B0F1BD8E-902E-47B5-8B65-95FF32360F3A}.Debug|x64.ActiveCfg = Debug|x64
		{B0F1BD8E-902E-47B5-8B65-95FF32360F3A}.Debug|x64.Build.0 = Debug|x64
		{B0F1BD8E-902E-47B5-8B65-95FF32360F3A}.Debug|x86.ActiveCfg = Debug|Win32
		{B0F1BD8E-902E-47B5-8B65-95FF32360F3A}.Debug|x86.Build.0 = Debug|Win32
		{B0F1BD8E-902E-47B5-8B65-95FF32360F3A}.Release|x64.ActiveCfg = Release|x64
		{B0F1BD8E-902E-47B5-8B65-95FF32360F3A}.Release|x64.Build.0 = Release|x64
		{B0F1BD8E-902E-47B5-8B65-95FF32360F3A}.Release|x86.ActiveCfg = Release|Win32
		{B0F1BD8E-902E-47B5-8B65-95FF32360F3A}.Release|x86.Build.0 = Release|Win32
		{DDAB6054-EA82-4AEA-895B-A1FA97960028}.Debug|x64.ActiveCfg = Debug|x64
		{DDAB6054-EA82-4AEA-895B-A1FA97960028}.Debug|x64.Build.0 = Debug|x64
		{DDAB6054-EA82-4AEA-895B-A1FA97960028}.Debug|x86.ActiveCfg = Debug|Win32
		{DDAB6054-EA82-4AEA-895B-A1FA97960028}.Debug|x86.Build.0 = Debug|Win32
		{DDAB6054-EA82-4AEA-895B-A1FA97960028}.Release|x64.ActiveCfg = Release|x64
		{DDAB6054-EA82-4AEA-895B-A1FA97960028}.Release|x64.Build.0 = Release|x64
		{DDAB6054-EA82-4AEA-895B-A1FA97960028}.Release|x86.ActiveCfg = Release|Win32
		{DDAB6054-EA82-4AEA-895B-A1FA97960028}.Release|x86.Build.0 = Release|Win32
		{68A062DA-45B2-467B-82FB-20A20506BC49}.Debug|x64.ActiveCfg = Debug|x64
		{68A062DA-45B2-467B-82FB-20A20506BC49}.Debug|x64.Build.0 = Debug|x64
		{68A062DA-45B2-467B-82FB-20A20506BC49}.Debug|x86.ActiveCfg = Debug|Win32
		{68A062DA-45B2-467B-82FB-20A20506BC49}.Debug|x86.Build.0 = Debug|Win32
		{68A062DA-45B2-467B-82FB-20A20506BC49}.Release|x64.ActiveCfg = Release|x64
		{68A062DA-45B2-467B-82FB-20A20506BC49}.Release|x64.Build.0 = Release|x64
		{68A062DA-45B2-467B-82FB-20A20506BC49}.Release|x86.ActiveCfg = Release|Win32
		{68A062DA-45B2-467B-82FB-20A20506BC49}.Release|x86.Build.0 = Release|Win32
		{8A185256-9128-447D-B17C-595EBB17D026}.Debug|x64.ActiveCfg = Debug|x64
		{8A185256-9128-447D-B17C-595EBB17D026}.Debug|x64.Build.0 = Debug|x64
		{8A185256-9128-447D-B17C-595EBB17D026}.Debug|x86.ActiveCfg = Debug|Win32
		{8A185256-9128-447D-B17C-595EBB17D026}.Debug|x86.Build.0 = Debug|Win32
		{8A185256-9128-447D-B17C-595EBB17D026}.Release|x64.ActiveCfg = Release|x64
		{8A185256-9128-447D-B17C-595EBB17D026}.Release|x64.Build.0 = Release|x64
		{8A185256-9128-447D-B17C-595EBB17D026}.Release|x86.ActiveCfg = Release|Win32
		{8A185256-9128-447D-B17C-595EBB17D026}.Release|x86.Build.0 = Release|Win32
		{01584BBF-B746-46F8-9471-CCC1C87BE5ED}.Debug|x64.ActiveCfg = Debug|x64
		{01584BBF-B746-46F8-9471-CCC1C87BE5ED}.Debug|x64.Build.0 = Debug|x64
		{01584BBF-B746-46F8-9471-CCC1C87BE5ED}.Debug|x86.ActiveCfg = Debug|Win32
		{01584BBF-B746-46F8-9471-CCC1C87BE5ED}.Debug|x86.Build.0 = Debug|Win32
		{01584BBF-B746-46F8-9471-CCC1C87BE5ED}.Release|x64.ActiveCfg = Release|x64
		{01584BBF-B746-46F8-9471-CCC1C87BE5ED}.Release|x64.Build.0 = Release|x64
		{01584BBF-B746-46F8-9471-CCC1C87BE5ED}.Release|x86.ActiveCfg = Release|Win32
		{01584BBF-B746-46F8-9471-CCC1C87BE5ED}.Release|x86.Build.0 = Release|Win32
		{47049C1C-9B92-4D6F-8AE4-8F57E7EFEEE8}.Debug|x64.ActiveCfg = Debug|x64
		{47049C1C-9B92-4D6F-8AE4-8F57E7EFEEE8}.Debug|x64.Build.0 = Debug|x64
		{47049C1C-9B92-4D6F-8AE4-8F57E7EFEEE8}.Debug|x86.ActiveCfg = Debug|Win32
		{47049C1C-9B92-4D6F-8AE4-8F57E7EFEEE8}.Debug|x86.Build.0 = Debug|Win32
		{47049C1C-9B92-4D6F-8AE4-8F57E7EFEEE8}.Release|x64.ActiveCfg = Release|x64
		{47049C1C-9B92-4D6F-8AE4-8F57E7EFEEE8}.Release|x64.Build.0 = Release|x64
		{47049C1C-9B92-4D6F-8AE4-8F57E7EFEEE8}.Release|x86.ActiveCfg = Release|Win32
		{47049C1C-9B92-4D6F-8AE4-8F57E7EFEEE8}.Release|x86.Build.0 = Release|Win32
		{42CA6011-D6FB-4C6C-A9D8-92B8036EBE54}.Debug|x64.ActiveCfg = Debug|x64
		{42CA6011-D6FB-4C6C-A9D8-92B8036EBE54}.Debug|x64.Build.0 = Debug|x64
		{42CA6011-D6FB-4C6C-A9D8-92B8036EBE54}.Debug|x86.ActiveCfg = Debug|Win32
		{42CA6011-D6FB-4C6C-A9D8-92B8036EBE54}.Debug|x86.Build.0 = Debug|Win32
		{42CA6011-D6FB-4C6C-A9D8-92B8036EBE54}.Release|x64.ActiveCfg = Release|x64
		{42CA6011-D6FB-4C6C-A9D8-92B8036EBE54}.Release|x64.Build.0 = Release|x64
		{42CA6011-D6FB-4C6C-A9D8-92B8036EBE54}.Release|x86.ActiveCfg = Release|Win32
		{42CA6011-D6FB-4C6C-A9D8-92B8036EBE54}.Release|x86.Build.0 = Release|Win32
		{5D78A4A5-109F-4605-B1DC-CC1FC168EE50}.Debug|x64.ActiveCfg = Debug|x64
		{5D78A4A5-109F-4605-B1DC-CC1FC168EE50}.Debug|x64.Build.0 = Debug|x64
		{5D78A4A5-109F-4605-B1DC-CC1FC168EE50}.Debug|x86.ActiveCfg = Debug|Win32
		{5D78A4A5-109F-4605-B1DC-CC1FC168EE50}.Debug|x86.Build.0 = Debug|Win32
		{5D78A4A5-109F-4605-B1DC-CC1FC168EE50}.Release|x64.ActiveCfg = Release|x64
		{5D78A4A5-109F-4605-B1DC-CC1FC168EE50}.Release|x64.Build.0 = Release|x64
		{5D78A4A5-109F-4605-B1DC-CC1FC168EE50}.Release|x86.ActiveCfg = Release|Win32
		{5D78A4A5-109F-4605-B1DC-CC1FC168EE50}.Release|x86.Build.0 = Release|Win32
	EndGlobalSection
	GlobalSection(SolutionProperties) = preSolution
		HideSolutionNode = FALSE
	EndGlobalSection
EndGlobal
