
Microsoft Visual Studio Solution File, Format Version 12.00
# Visual Studio 15
VisualStudioVersion = 15.0.26430.14
MinimumVisualStudioVersion = 10.0.40219.1
Project("{8BC9CEB8-8B4A-11D0-8D11-00A0C91BC942}") = "ConsoleApplication1", "ConsoleApplication1\ConsoleApplication1.vcxproj", "{12B2BDFD-1FF7-4E5B-90F4-BE73610B99C0}"
EndProject
Project("{8BC9CEB8-8B4A-11D0-8D11-00A0C91BC942}") = "Client", "Client\Client.vcxproj", "{0CB6A955-A094-4D91-A72E-8338C7D1FC15}"
EndProject
Global
	GlobalSection(SolutionConfigurationPlatforms) = preSolution
		Debug|x64 = Debug|x64
		Debug|x86 = Debug|x86
		Release|x64 = Release|x64
		Release|x86 = Release|x86
	EndGlobalSection
	GlobalSection(ProjectConfigurationPlatforms) = postSolution
		{12B2BDFD-1FF7-4E5B-90F4-BE73610B99C0}.Debug|x64.ActiveCfg = Debug|x64
		{12B2BDFD-1FF7-4E5B-90F4-BE73610B99C0}.Debug|x64.Build.0 = Debug|x64
		{12B2BDFD-1FF7-4E5B-90F4-BE73610B99C0}.Debug|x86.ActiveCfg = Debug|Win32
		{12B2BDFD-1FF7-4E5B-90F4-BE73610B99C0}.Debug|x86.Build.0 = Debug|Win32
		{12B2BDFD-1FF7-4E5B-90F4-BE73610B99C0}.Release|x64.ActiveCfg = Release|x64
		{12B2BDFD-1FF7-4E5B-90F4-BE73610B99C0}.Release|x64.Build.0 = Release|x64
		{12B2BDFD-1FF7-4E5B-90F4-BE73610B99C0}.Release|x86.ActiveCfg = Release|Win32
		{12B2BDFD-1FF7-4E5B-90F4-BE73610B99C0}.Release|x86.Build.0 = Release|Win32
		{0CB6A955-A094-4D91-A72E-8338C7D1FC15}.Debug|x64.ActiveCfg = Debug|x64
		{0CB6A955-A094-4D91-A72E-8338C7D1FC15}.Debug|x64.Build.0 = Debug|x64
		{0CB6A955-A094-4D91-A72E-8338C7D1FC15}.Debug|x86.ActiveCfg = Debug|Win32
		{0CB6A955-A094-4D91-A72E-8338C7D1FC15}.Debug|x86.Build.0 = Debug|Win32
		{0CB6A955-A094-4D91-A72E-8338C7D1FC15}.Release|x64.ActiveCfg = Release|x64
		{0CB6A955-A094-4D91-A72E-8338C7D1FC15}.Release|x64.Build.0 = Release|x64
		{0CB6A955-A094-4D91-A72E-8338C7D1FC15}.Release|x86.ActiveCfg = Release|Win32
		{0CB6A955-A094-4D91-A72E-8338C7D1FC15}.Release|x86.Build.0 = Release|Win32
	EndGlobalSection
	GlobalSection(SolutionProperties) = preSolution
		HideSolutionNode = FALSE
	EndGlobalSection
EndGlobal
